// !$*UTF8*$!
{
	archiveVersion = 1;
	classes = {
	};
	objectVersion = 77;
	objects = {

/* Begin PBXBuildFile section */
		45B79EDD2D64A78600954D12 /* IQKeyboardManagerSwift in Frameworks */ = {isa = PBXBuildFile; productRef = 45B79EDC2D64A78600954D12 /* IQKeyboardManagerSwift */; };
		D8B7F671A79CF69804B54D7C /* Pods_LiveChat_iOS.framework in Frameworks */ = {isa = PBXBuildFile; fileRef = D479E33E94BB8E431E668272 /* Pods_LiveChat_iOS.framework */; };
/* End PBXBuildFile section */

/* Begin PBXContainerItemProxy section */
		456393232D53CE6700448820 /* PBXContainerItemProxy */ = {
			isa = PBXContainerItemProxy;
			containerPortal = 456393042D53CE6500448820 /* Project object */;
			proxyType = 1;
			remoteGlobalIDString = 4563930B2D53CE6500448820;
			remoteInfo = LiveChat_iOS;
		};
		4563932D2D53CE6700448820 /* PBXContainerItemProxy */ = {
			isa = PBXContainerItemProxy;
			containerPortal = 456393042D53CE6500448820 /* Project object */;
			proxyType = 1;
			remoteGlobalIDString = 4563930B2D53CE6500448820;
			remoteInfo = LiveChat_iOS;
		};
/* End PBXContainerItemProxy section */

/* Begin PBXFileReference section */
		3B019BABA2F35C2176B0937E /* Pods-LiveChat_iOS.debug.xcconfig */ = {isa = PBXFileReference; includeInIndex = 1; lastKnownFileType = text.xcconfig; name = "Pods-LiveChat_iOS.debug.xcconfig"; path = "Target Support Files/Pods-LiveChat_iOS/Pods-LiveChat_iOS.debug.xcconfig"; sourceTree = "<group>"; };
		4563930C2D53CE6500448820 /* LiveChat_iOS.app */ = {isa = PBXFileReference; explicitFileType = wrapper.application; includeInIndex = 0; path = LiveChat_iOS.app; sourceTree = BUILT_PRODUCTS_DIR; };
		456393222D53CE6700448820 /* LiveChat_iOSTests.xctest */ = {isa = PBXFileReference; explicitFileType = wrapper.cfbundle; includeInIndex = 0; path = LiveChat_iOSTests.xctest; sourceTree = BUILT_PRODUCTS_DIR; };
		4563932C2D53CE6700448820 /* LiveChat_iOSUITests.xctest */ = {isa = PBXFileReference; explicitFileType = wrapper.cfbundle; includeInIndex = 0; path = LiveChat_iOSUITests.xctest; sourceTree = BUILT_PRODUCTS_DIR; };
		D479E33E94BB8E431E668272 /* Pods_LiveChat_iOS.framework */ = {isa = PBXFileReference; explicitFileType = wrapper.framework; includeInIndex = 0; path = Pods_LiveChat_iOS.framework; sourceTree = BUILT_PRODUCTS_DIR; };
		DB03B78380EDED948A51D8EE /* Pods-LiveChat_iOS.release.xcconfig */ = {isa = PBXFileReference; includeInIndex = 1; lastKnownFileType = text.xcconfig; name = "Pods-LiveChat_iOS.release.xcconfig"; path = "Target Support Files/Pods-LiveChat_iOS/Pods-LiveChat_iOS.release.xcconfig"; sourceTree = "<group>"; };
/* End PBXFileReference section */

/* Begin PBXFileSystemSynchronizedBuildFileExceptionSet section */
		456393702D54E34300448820 /* Exceptions for "LiveChat_iOS" folder in "LiveChat_iOS" target */ = {
			isa = PBXFileSystemSynchronizedBuildFileExceptionSet;
			membershipExceptions = (
				Info.plist,
			);
			target = 4563930B2D53CE6500448820 /* LiveChat_iOS */;
		};
/* End PBXFileSystemSynchronizedBuildFileExceptionSet section */

/* Begin PBXFileSystemSynchronizedRootGroup section */
		4563930E2D53CE6500448820 /* LiveChat_iOS */ = {
			isa = PBXFileSystemSynchronizedRootGroup;
			exceptions = (
				456393702D54E34300448820 /* Exceptions for "LiveChat_iOS" folder in "LiveChat_iOS" target */,
			);
			path = LiveChat_iOS;
			sourceTree = "<group>";
		};
/* End PBXFileSystemSynchronizedRootGroup section */

/* Begin PBXFrameworksBuildPhase section */
		456393092D53CE6500448820 /* Frameworks */ = {
			isa = PBXFrameworksBuildPhase;
			buildActionMask = 2147483647;
			files = (
				D8B7F671A79CF69804B54D7C /* Pods_LiveChat_iOS.framework in Frameworks */,
				45B79EDD2D64A78600954D12 /* IQKeyboardManagerSwift in Frameworks */,
			);
			runOnlyForDeploymentPostprocessing = 0;
		};
		4563931F2D53CE6700448820 /* Frameworks */ = {
			isa = PBXFrameworksBuildPhase;
			buildActionMask = 2147483647;
			files = (
			);
			runOnlyForDeploymentPostprocessing = 0;
		};
		456393292D53CE6700448820 /* Frameworks */ = {
			isa = PBXFrameworksBuildPhase;
			buildActionMask = 2147483647;
			files = (
			);
			runOnlyForDeploymentPostprocessing = 0;
		};
/* End PBXFrameworksBuildPhase section */

/* Begin PBXGroup section */
		039A21CE9F0A8161DCE0DDC1 /* Frameworks */ = {
			isa = PBXGroup;
			children = (
				D479E33E94BB8E431E668272 /* Pods_LiveChat_iOS.framework */,
			);
			name = Frameworks;
			sourceTree = "<group>";
		};
		456393032D53CE6500448820 = {
			isa = PBXGroup;
			children = (
				4563930E2D53CE6500448820 /* LiveChat_iOS */,
				4563930D2D53CE6500448820 /* Products */,
				ACD8832454F3B11E4711178A /* Pods */,
				039A21CE9F0A8161DCE0DDC1 /* Frameworks */,
			);
			sourceTree = "<group>";
		};
		4563930D2D53CE6500448820 /* Products */ = {
			isa = PBXGroup;
			children = (
				4563930C2D53CE6500448820 /* LiveChat_iOS.app */,
				456393222D53CE6700448820 /* LiveChat_iOSTests.xctest */,
				4563932C2D53CE6700448820 /* LiveChat_iOSUITests.xctest */,
			);
			name = Products;
			sourceTree = "<group>";
		};
		ACD8832454F3B11E4711178A /* Pods */ = {
			isa = PBXGroup;
			children = (
				3B019BABA2F35C2176B0937E /* Pods-LiveChat_iOS.debug.xcconfig */,
				DB03B78380EDED948A51D8EE /* Pods-LiveChat_iOS.release.xcconfig */,
			);
			path = Pods;
			sourceTree = "<group>";
		};
/* End PBXGroup section */

/* Begin PBXNativeTarget section */
		4563930B2D53CE6500448820 /* LiveChat_iOS */ = {
			isa = PBXNativeTarget;
			buildConfigurationList = 456393352D53CE6700448820 /* Build configuration list for PBXNativeTarget "LiveChat_iOS" */;
			buildPhases = (
				043DD997DFE3D4583E730C90 /* [CP] Check Pods Manifest.lock */,
				456393082D53CE6500448820 /* Sources */,
				456393092D53CE6500448820 /* Frameworks */,
				4563930A2D53CE6500448820 /* Resources */,
				A44D915A78A1A87023A994CA /* [CP] Embed Pods Frameworks */,
			);
			buildRules = (
			);
			dependencies = (
			);
			fileSystemSynchronizedGroups = (
				4563930E2D53CE6500448820 /* LiveChat_iOS */,
			);
			name = LiveChat_iOS;
			productName = LiveChat_iOS;
			productReference = 4563930C2D53CE6500448820 /* LiveChat_iOS.app */;
			productType = "com.apple.product-type.application";
		};
		456393212D53CE6700448820 /* LiveChat_iOSTests */ = {
			isa = PBXNativeTarget;
			buildConfigurationList = 4563933A2D53CE6700448820 /* Build configuration list for PBXNativeTarget "LiveChat_iOSTests" */;
			buildPhases = (
				4563931E2D53CE6700448820 /* Sources */,
				4563931F2D53CE6700448820 /* Frameworks */,
				456393202D53CE6700448820 /* Resources */,
			);
			buildRules = (
			);
			dependencies = (
				456393242D53CE6700448820 /* PBXTargetDependency */,
			);
			name = LiveChat_iOSTests;
			productName = LiveChat_iOSTests;
			productReference = 456393222D53CE6700448820 /* LiveChat_iOSTests.xctest */;
			productType = "com.apple.product-type.bundle.unit-test";
		};
		4563932B2D53CE6700448820 /* LiveChat_iOSUITests */ = {
			isa = PBXNativeTarget;
			buildConfigurationList = 4563933D2D53CE6700448820 /* Build configuration list for PBXNativeTarget "LiveChat_iOSUITests" */;
			buildPhases = (
				456393282D53CE6700448820 /* Sources */,
				456393292D53CE6700448820 /* Frameworks */,
				4563932A2D53CE6700448820 /* Resources */,
			);
			buildRules = (
			);
			dependencies = (
				4563932E2D53CE6700448820 /* PBXTargetDependency */,
			);
			name = LiveChat_iOSUITests;
			productName = LiveChat_iOSUITests;
			productReference = 4563932C2D53CE6700448820 /* LiveChat_iOSUITests.xctest */;
			productType = "com.apple.product-type.bundle.ui-testing";
		};
/* End PBXNativeTarget section */

/* Begin PBXProject section */
		456393042D53CE6500448820 /* Project object */ = {
			isa = PBXProject;
			attributes = {
				BuildIndependentTargetsInParallel = 1;
				LastSwiftUpdateCheck = 1620;
				LastUpgradeCheck = 1620;
				TargetAttributes = {
					4563930B2D53CE6500448820 = {
						CreatedOnToolsVersion = 16.2;
					};
					456393212D53CE6700448820 = {
						CreatedOnToolsVersion = 16.2;
						TestTargetID = 4563930B2D53CE6500448820;
					};
					4563932B2D53CE6700448820 = {
						CreatedOnToolsVersion = 16.2;
						TestTargetID = 4563930B2D53CE6500448820;
					};
				};
			};
			buildConfigurationList = 456393072D53CE6500448820 /* Build configuration list for PBXProject "LiveChat_iOS" */;
			developmentRegion = en;
			hasScannedForEncodings = 0;
			knownRegions = (
				en,
				Base,
			);
			mainGroup = 456393032D53CE6500448820;
			minimizedProjectReferenceProxies = 1;
			packageReferences = (
				45B79EDB2D64A78600954D12 /* XCRemoteSwiftPackageReference "IQKeyboardManager" */,
			);
			preferredProjectObjectVersion = 77;
			productRefGroup = 4563930D2D53CE6500448820 /* Products */;
			projectDirPath = "";
			projectRoot = "";
			targets = (
				4563930B2D53CE6500448820 /* LiveChat_iOS */,
				456393212D53CE6700448820 /* LiveChat_iOSTests */,
				4563932B2D53CE6700448820 /* LiveChat_iOSUITests */,
			);
		};
/* End PBXProject section */

/* Begin PBXResourcesBuildPhase section */
		4563930A2D53CE6500448820 /* Resources */ = {
			isa = PBXResourcesBuildPhase;
			buildActionMask = 2147483647;
			files = (
			);
			runOnlyForDeploymentPostprocessing = 0;
		};
		456393202D53CE6700448820 /* Resources */ = {
			isa = PBXResourcesBuildPhase;
			buildActionMask = 2147483647;
			files = (
			);
			runOnlyForDeploymentPostprocessing = 0;
		};
		4563932A2D53CE6700448820 /* Resources */ = {
			isa = PBXResourcesBuildPhase;
			buildActionMask = 2147483647;
			files = (
			);
			runOnlyForDeploymentPostprocessing = 0;
		};
/* End PBXResourcesBuildPhase section */

/* Begin PBXShellScriptBuildPhase section */
		043DD997DFE3D4583E730C90 /* [CP] Check Pods Manifest.lock */ = {
			isa = PBXShellScriptBuildPhase;
			buildActionMask = 2147483647;
			files = (
			);
			inputFileListPaths = (
			);
			inputPaths = (
				"${PODS_PODFILE_DIR_PATH}/Podfile.lock",
				"${PODS_ROOT}/Manifest.lock",
			);
			name = "[CP] Check Pods Manifest.lock";
			outputFileListPaths = (
			);
			outputPaths = (
				"$(DERIVED_FILE_DIR)/Pods-LiveChat_iOS-checkManifestLockResult.txt",
			);
			runOnlyForDeploymentPostprocessing = 0;
			shellPath = /bin/sh;
			shellScript = "diff \"${PODS_PODFILE_DIR_PATH}/Podfile.lock\" \"${PODS_ROOT}/Manifest.lock\" > /dev/null\nif [ $? != 0 ] ; then\n    # print error to STDERR\n    echo \"error: The sandbox is not in sync with the Podfile.lock. Run 'pod install' or update your CocoaPods installation.\" >&2\n    exit 1\nfi\n# This output is used by Xcode 'outputs' to avoid re-running this script phase.\necho \"SUCCESS\" > \"${SCRIPT_OUTPUT_FILE_0}\"\n";
			showEnvVarsInLog = 0;
		};
		A44D915A78A1A87023A994CA /* [CP] Embed Pods Frameworks */ = {
			isa = PBXShellScriptBuildPhase;
			buildActionMask = 2147483647;
			files = (
			);
			inputFileListPaths = (
				"${PODS_ROOT}/Target Support Files/Pods-LiveChat_iOS/Pods-LiveChat_iOS-frameworks-${CONFIGURATION}-input-files.xcfilelist",
			);
			name = "[CP] Embed Pods Frameworks";
			outputFileListPaths = (
				"${PODS_ROOT}/Target Support Files/Pods-LiveChat_iOS/Pods-LiveChat_iOS-frameworks-${CONFIGURATION}-output-files.xcfilelist",
			);
			runOnlyForDeploymentPostprocessing = 0;
			shellPath = /bin/sh;
			shellScript = "\"${PODS_ROOT}/Target Support Files/Pods-LiveChat_iOS/Pods-LiveChat_iOS-frameworks.sh\"\n";
			showEnvVarsInLog = 0;
		};
/* End PBXShellScriptBuildPhase section */

/* Begin PBXSourcesBuildPhase section */
		456393082D53CE6500448820 /* Sources */ = {
			isa = PBXSourcesBuildPhase;
			buildActionMask = 2147483647;
			files = (
			);
			runOnlyForDeploymentPostprocessing = 0;
		};
		4563931E2D53CE6700448820 /* Sources */ = {
			isa = PBXSourcesBuildPhase;
			buildActionMask = 2147483647;
			files = (
			);
			runOnlyForDeploymentPostprocessing = 0;
		};
		456393282D53CE6700448820 /* Sources */ = {
			isa = PBXSourcesBuildPhase;
			buildActionMask = 2147483647;
			files = (
			);
			runOnlyForDeploymentPostprocessing = 0;
		};
/* End PBXSourcesBuildPhase section */

/* Begin PBXTargetDependency section */
		456393242D53CE6700448820 /* PBXTargetDependency */ = {
			isa = PBXTargetDependency;
			target = 4563930B2D53CE6500448820 /* LiveChat_iOS */;
			targetProxy = 456393232D53CE6700448820 /* PBXContainerItemProxy */;
		};
		4563932E2D53CE6700448820 /* PBXTargetDependency */ = {
			isa = PBXTargetDependency;
			target = 4563930B2D53CE6500448820 /* LiveChat_iOS */;
			targetProxy = 4563932D2D53CE6700448820 /* PBXContainerItemProxy */;
		};
/* End PBXTargetDependency section */

/* Begin XCBuildConfiguration section */
		456393362D53CE6700448820 /* Debug */ = {
			isa = XCBuildConfiguration;
			baseConfigurationReference = 3B019BABA2F35C2176B0937E /* Pods-LiveChat_iOS.debug.xcconfig */;
			buildSettings = {
				ASSETCATALOG_COMPILER_APPICON_NAME = AppIcon;
				ASSETCATALOG_COMPILER_GLOBAL_ACCENT_COLOR_NAME = AccentColor;
				CODE_SIGN_STYLE = Automatic;
				CURRENT_PROJECT_VERSION = 1;
				GENERATE_INFOPLIST_FILE = YES;
				INFOPLIST_FILE = LiveChat_iOS/Info.plist;
				INFOPLIST_KEY_UIApplicationSupportsIndirectInputEvents = YES;
				INFOPLIST_KEY_UILaunchStoryboardName = LaunchScreen;
				INFOPLIST_KEY_UIMainStoryboardFile = Main;
				INFOPLIST_KEY_UISupportedInterfaceOrientations_iPad = "UIInterfaceOrientationPortrait UIInterfaceOrientationPortraitUpsideDown UIInterfaceOrientationLandscapeLeft UIInterfaceOrientationLandscapeRight";
				INFOPLIST_KEY_UISupportedInterfaceOrientations_iPhone = "UIInterfaceOrientationPortrait UIInterfaceOrientationLandscapeLeft UIInterfaceOrientationLandscapeRight";
				LD_RUNPATH_SEARCH_PATHS = (
					"$(inherited)",
					"@executable_path/Frameworks",
				);
				MARKETING_VERSION = 1.0;
				PRODUCT_BUNDLE_IDENTIFIER = "Bar.LiveChat-iOS";
				PRODUCT_NAME = "$(TARGET_NAME)";
				SWIFT_EMIT_LOC_STRINGS = YES;
				SWIFT_VERSION = 5.0;
				TARGETED_DEVICE_FAMILY = "1,2";
			};
			name = Debug;
		};
		456393372D53CE6700448820 /* Release */ = {
			isa = XCBuildConfiguration;
			baseConfigurationReference = DB03B78380EDED948A51D8EE /* Pods-LiveChat_iOS.release.xcconfig */;
			buildSettings = {
				ASSETCATALOG_COMPILER_APPICON_NAME = AppIcon;
				ASSETCATALOG_COMPILER_GLOBAL_ACCENT_COLOR_NAME = AccentColor;
				CODE_SIGN_STYLE = Automatic;
				CURRENT_PROJECT_VERSION = 1;
				GENERATE_INFOPLIST_FILE = YES;
				INFOPLIST_FILE = LiveChat_iOS/Info.plist;
				INFOPLIST_KEY_UIApplicationSupportsIndirectInputEvents = YES;
				INFOPLIST_KEY_UILaunchStoryboardName = LaunchScreen;
				INFOPLIST_KEY_UIMainStoryboardFile = Main;
				INFOPLIST_KEY_UISupportedInterfaceOrientations_iPad = "UIInterfaceOrientationPortrait UIInterfaceOrientationPortraitUpsideDown UIInterfaceOrientationLandscapeLeft UIInterfaceOrientationLandscapeRight";
				INFOPLIST_KEY_UISupportedInterfaceOrientations_iPhone = "UIInterfaceOrientationPortrait UIInterfaceOrientationLandscapeLeft UIInterfaceOrientationLandscapeRight";
				LD_RUNPATH_SEARCH_PATHS = (
					"$(inherited)",
					"@executable_path/Frameworks",
				);
				MARKETING_VERSION = 1.0;
				PRODUCT_BUNDLE_IDENTIFIER = "Bar.LiveChat-iOS";
				PRODUCT_NAME = "$(TARGET_NAME)";
				SWIFT_EMIT_LOC_STRINGS = YES;
				SWIFT_VERSION = 5.0;
				TARGETED_DEVICE_FAMILY = "1,2";
			};
			name = Release;
		};
		456393382D53CE6700448820 /* Debug */ = {
			isa = XCBuildConfiguration;
			buildSettings = {
				ALWAYS_SEARCH_USER_PATHS = NO;
				ASSETCATALOG_COMPILER_GENERATE_SWIFT_ASSET_SYMBOL_EXTENSIONS = YES;
				CLANG_ANALYZER_NONNULL = YES;
				CLANG_ANALYZER_NUMBER_OBJECT_CONVERSION = YES_AGGRESSIVE;
				CLANG_CXX_LANGUAGE_STANDARD = "gnu++20";
				CLANG_ENABLE_MODULES = YES;
				CLANG_ENABLE_OBJC_ARC = YES;
				CLANG_ENABLE_OBJC_WEAK = YES;
				CLANG_WARN_BLOCK_CAPTURE_AUTORELEASING = YES;
				CLANG_WARN_BOOL_CONVERSION = YES;
				CLANG_WARN_COMMA = YES;
				CLANG_WARN_CONSTANT_CONVERSION = YES;
				CLANG_WARN_DEPRECATED_OBJC_IMPLEMENTATIONS = YES;
				CLANG_WARN_DIRECT_OBJC_ISA_USAGE = YES_ERROR;
				CLANG_WARN_DOCUMENTATION_COMMENTS = YES;
				CLANG_WARN_EMPTY_BODY = YES;
				CLANG_WARN_ENUM_CONVERSION = YES;
				CLANG_WARN_INFINITE_RECURSION = YES;
				CLANG_WARN_INT_CONVERSION = YES;
				CLANG_WARN_NON_LITERAL_NULL_CONVERSION = YES;
				CLANG_WARN_OBJC_IMPLICIT_RETAIN_SELF = YES;
				CLANG_WARN_OBJC_LITERAL_CONVERSION = YES;
				CLANG_WARN_OBJC_ROOT_CLASS = YES_ERROR;
				CLANG_WARN_QUOTED_INCLUDE_IN_FRAMEWORK_HEADER = YES;
				CLANG_WARN_RANGE_LOOP_ANALYSIS = YES;
				CLANG_WARN_STRICT_PROTOTYPES = YES;
				CLANG_WARN_SUSPICIOUS_MOVE = YES;
				CLANG_WARN_UNGUARDED_AVAILABILITY = YES_AGGRESSIVE;
				CLANG_WARN_UNREACHABLE_CODE = YES;
				CLANG_WARN__DUPLICATE_METHOD_MATCH = YES;
				COPY_PHASE_STRIP = NO;
				DEBUG_INFORMATION_FORMAT = dwarf;
				ENABLE_STRICT_OBJC_MSGSEND = YES;
				ENABLE_TESTABILITY = YES;
				ENABLE_USER_SCRIPT_SANDBOXING = NO;
				GCC_C_LANGUAGE_STANDARD = gnu17;
				GCC_DYNAMIC_NO_PIC = NO;
				GCC_NO_COMMON_BLOCKS = YES;
				GCC_OPTIMIZATION_LEVEL = 0;
				GCC_PREPROCESSOR_DEFINITIONS = (
					"DEBUG=1",
					"$(inherited)",
				);
				GCC_WARN_64_TO_32_BIT_CONVERSION = YES;
				GCC_WARN_ABOUT_RETURN_TYPE = YES_ERROR;
				GCC_WARN_UNDECLARED_SELECTOR = YES;
				GCC_WARN_UNINITIALIZED_AUTOS = YES_AGGRESSIVE;
				GCC_WARN_UNUSED_FUNCTION = YES;
				GCC_WARN_UNUSED_VARIABLE = YES;
				IPHONEOS_DEPLOYMENT_TARGET = 18.2;
				LOCALIZATION_PREFERS_STRING_CATALOGS = YES;
				MTL_ENABLE_DEBUG_INFO = INCLUDE_SOURCE;
				MTL_FAST_MATH = YES;
				ONLY_ACTIVE_ARCH = YES;
				SDKROOT = iphoneos;
				SWIFT_ACTIVE_COMPILATION_CONDITIONS = "DEBUG $(inherited)";
				SWIFT_OPTIMIZATION_LEVEL = "-Onone";
			};
			name = Debug;
		};
		456393392D53CE6700448820 /* Release */ = {
			isa = XCBuildConfiguration;
			buildSettings = {
				ALWAYS_SEARCH_USER_PATHS = NO;
				ASSETCATALOG_COMPILER_GENERATE_SWIFT_ASSET_SYMBOL_EXTENSIONS = YES;
				CLANG_ANALYZER_NONNULL = YES;
				CLANG_ANALYZER_NUMBER_OBJECT_CONVERSION = YES_AGGRESSIVE;
				CLANG_CXX_LANGUAGE_STANDARD = "gnu++20";
				CLANG_ENABLE_MODULES = YES;
				CLANG_ENABLE_OBJC_ARC = YES;
				CLANG_ENABLE_OBJC_WEAK = YES;
				CLANG_WARN_BLOCK_CAPTURE_AUTORELEASING = YES;
				CLANG_WARN_BOOL_CONVERSION = YES;
				CLANG_WARN_COMMA = YES;
				CLANG_WARN_CONSTANT_CONVERSION = YES;
				CLANG_WARN_DEPRECATED_OBJC_IMPLEMENTATIONS = YES;
				CLANG_WARN_DIRECT_OBJC_ISA_USAGE = YES_ERROR;
				CLANG_WARN_DOCUMENTATION_COMMENTS = YES;
				CLANG_WARN_EMPTY_BODY = YES;
				CLANG_WARN_ENUM_CONVERSION = YES;
				CLANG_WARN_INFINITE_RECURSION = YES;
				CLANG_WARN_INT_CONVERSION = YES;
				CLANG_WARN_NON_LITERAL_NULL_CONVERSION = YES;
				CLANG_WARN_OBJC_IMPLICIT_RETAIN_SELF = YES;
				CLANG_WARN_OBJC_LITERAL_CONVERSION = YES;
				CLANG_WARN_OBJC_ROOT_CLASS = YES_ERROR;
				CLANG_WARN_QUOTED_INCLUDE_IN_FRAMEWORK_HEADER = YES;
				CLANG_WARN_RANGE_LOOP_ANALYSIS = YES;
				CLANG_WARN_STRICT_PROTOTYPES = YES;
				CLANG_WARN_SUSPICIOUS_MOVE = YES;
				CLANG_WARN_UNGUARDED_AVAILABILITY = YES_AGGRESSIVE;
				CLANG_WARN_UNREACHABLE_CODE = YES;
				CLANG_WARN__DUPLICATE_METHOD_MATCH = YES;
				COPY_PHASE_STRIP = NO;
				DEBUG_INFORMATION_FORMAT = "dwarf-with-dsym";
				ENABLE_NS_ASSERTIONS = NO;
				ENABLE_STRICT_OBJC_MSGSEND = YES;
				ENABLE_USER_SCRIPT_SANDBOXING = NO;
				GCC_C_LANGUAGE_STANDARD = gnu17;
				GCC_NO_COMMON_BLOCKS = YES;
				GCC_WARN_64_TO_32_BIT_CONVERSION = YES;
				GCC_WARN_ABOUT_RETURN_TYPE = YES_ERROR;
				GCC_WARN_UNDECLARED_SELECTOR = YES;
				GCC_WARN_UNINITIALIZED_AUTOS = YES_AGGRESSIVE;
				GCC_WARN_UNUSED_FUNCTION = YES;
				GCC_WARN_UNUSED_VARIABLE = YES;
				IPHONEOS_DEPLOYMENT_TARGET = 18.2;
				LOCALIZATION_PREFERS_STRING_CATALOGS = YES;
				MTL_ENABLE_DEBUG_INFO = NO;
				MTL_FAST_MATH = YES;
				SDKROOT = iphoneos;
				SWIFT_COMPILATION_MODE = wholemodule;
				VALIDATE_PRODUCT = YES;
			};
			name = Release;
		};
		4563933B2D53CE6700448820 /* Debug */ = {
			isa = XCBuildConfiguration;
			buildSettings = {
				BUNDLE_LOADER = "$(TEST_HOST)";
				CODE_SIGN_STYLE = Automatic;
				CURRENT_PROJECT_VERSION = 1;
				GENERATE_INFOPLIST_FILE = YES;
				IPHONEOS_DEPLOYMENT_TARGET = 18.2;
				MARKETING_VERSION = 1.0;
				PRODUCT_BUNDLE_IDENTIFIER = "Bar.LiveChat-iOSTests";
				PRODUCT_NAME = "$(TARGET_NAME)";
				SWIFT_EMIT_LOC_STRINGS = NO;
				SWIFT_VERSION = 5.0;
				TARGETED_DEVICE_FAMILY = "1,2";
				TEST_HOST = "$(BUILT_PRODUCTS_DIR)/LiveChat_iOS.app/$(BUNDLE_EXECUTABLE_FOLDER_PATH)/LiveChat_iOS";
			};
			name = Debug;
		};
		4563933C2D53CE6700448820 /* Release */ = {
			isa = XCBuildConfiguration;
			buildSettings = {
				BUNDLE_LOADER = "$(TEST_HOST)";
				CODE_SIGN_STYLE = Automatic;
				CURRENT_PROJECT_VERSION = 1;
				GENERATE_INFOPLIST_FILE = YES;
				IPHONEOS_DEPLOYMENT_TARGET = 18.2;
				MARKETING_VERSION = 1.0;
				PRODUCT_BUNDLE_IDENTIFIER = "Bar.LiveChat-iOSTests";
				PRODUCT_NAME = "$(TARGET_NAME)";
				SWIFT_EMIT_LOC_STRINGS = NO;
				SWIFT_VERSION = 5.0;
				TARGETED_DEVICE_FAMILY = "1,2";
				TEST_HOST = "$(BUILT_PRODUCTS_DIR)/LiveChat_iOS.app/$(BUNDLE_EXECUTABLE_FOLDER_PATH)/LiveChat_iOS";
			};
			name = Release;
		};
		4563933E2D53CE6700448820 /* Debug */ = {
			isa = XCBuildConfiguration;
			buildSettings = {
				CODE_SIGN_STYLE = Automatic;
				CURRENT_PROJECT_VERSION = 1;
				GENERATE_INFOPLIST_FILE = YES;
				MARKETING_VERSION = 1.0;
				PRODUCT_BUNDLE_IDENTIFIER = "Bar.LiveChat-iOSUITests";
				PRODUCT_NAME = "$(TARGET_NAME)";
				SWIFT_EMIT_LOC_STRINGS = NO;
				SWIFT_VERSION = 5.0;
				TARGETED_DEVICE_FAMILY = "1,2";
				TEST_TARGET_NAME = LiveChat_iOS;
			};
			name = Debug;
		};
		4563933F2D53CE6700448820 /* Release */ = {
			isa = XCBuildConfiguration;
			buildSettings = {
				CODE_SIGN_STYLE = Automatic;
				CURRENT_PROJECT_VERSION = 1;
				GENERATE_INFOPLIST_FILE = YES;
				MARKETING_VERSION = 1.0;
				PRODUCT_BUNDLE_IDENTIFIER = "Bar.LiveChat-iOSUITests";
				PRODUCT_NAME = "$(TARGET_NAME)";
				SWIFT_EMIT_LOC_STRINGS = NO;
				SWIFT_VERSION = 5.0;
				TARGETED_DEVICE_FAMILY = "1,2";
				TEST_TARGET_NAME = LiveChat_iOS;
			};
			name = Release;
		};
/* End XCBuildConfiguration section */

/* Begin XCConfigurationList section */
		456393072D53CE6500448820 /* Build configuration list for PBXProject "LiveChat_iOS" */ = {
			isa = XCConfigurationList;
			buildConfigurations = (
				456393382D53CE6700448820 /* Debug */,
				456393392D53CE6700448820 /* Release */,
			);
			defaultConfigurationIsVisible = 0;
			defaultConfigurationName = Release;
		};
		456393352D53CE6700448820 /* Build configuration list for PBXNativeTarget "LiveChat_iOS" */ = {
			isa = XCConfigurationList;
			buildConfigurations = (
				456393362D53CE6700448820 /* Debug */,
				456393372D53CE6700448820 /* Release */,
			);
			defaultConfigurationIsVisible = 0;
			defaultConfigurationName = Release;
		};
		4563933A2D53CE6700448820 /* Build configuration list for PBXNativeTarget "LiveChat_iOSTests" */ = {
			isa = XCConfigurationList;
			buildConfigurations = (
				4563933B2D53CE6700448820 /* Debug */,
				4563933C2D53CE6700448820 /* Release */,
			);
			defaultConfigurationIsVisible = 0;
			defaultConfigurationName = Release;
		};
		4563933D2D53CE6700448820 /* Build configuration list for PBXNativeTarget "LiveChat_iOSUITests" */ = {
			isa = XCConfigurationList;
			buildConfigurations = (
				4563933E2D53CE6700448820 /* Debug */,
				4563933F2D53CE6700448820 /* Release */,
			);
			defaultConfigurationIsVisible = 0;
			defaultConfigurationName = Release;
		};
/* End XCConfigurationList section */

/* Begin XCRemoteSwiftPackageReference section */
		45B79EDB2D64A78600954D12 /* XCRemoteSwiftPackageReference "IQKeyboardManager" */ = {
			isa = XCRemoteSwiftPackageReference;
			repositoryURL = "https://github.com/hackiftekhar/IQKeyboardManager";
			requirement = {
				kind = upToNextMajorVersion;
				minimumVersion = 8.0.0;
			};
		};
/* End XCRemoteSwiftPackageReference section */

/* Begin XCSwiftPackageProductDependency section */
		45B79EDC2D64A78600954D12 /* IQKeyboardManagerSwift */ = {
			isa = XCSwiftPackageProductDependency;
			package = 45B79EDB2D64A78600954D12 /* XCRemoteSwiftPackageReference "IQKeyboardManager" */;
			productName = IQKeyboardManagerSwift;
		};
/* End XCSwiftPackageProductDependency section */
	};
	rootObject = 456393042D53CE6500448820 /* Project object */;
}
